// !$*UTF8*$!
{
	archiveVersion = 1;
	classes = {
	};
	objectVersion = 50;
	objects = {

/* Begin PBXBuildFile section */
		63101B8D2389DF9B00AEC8FD /* util.cpp in Sources */ = {isa = PBXBuildFile; fileRef = 63101B8C2389DF9B00AEC8FD /* util.cpp */; };
		634674672374BD1A00275DAC /* libglfw.3.4.dylib in Frameworks */ = {isa = PBXBuildFile; fileRef = 633D34BE23557844001CF7FD /* libglfw.3.4.dylib */; };
		6346746B2374BD1A00275DAC /* shaders in CopyFiles */ = {isa = PBXBuildFile; fileRef = 633D34D2235B8492001CF7FD /* shaders */; };
		6346746C2374BD1A00275DAC /* textures in CopyFiles */ = {isa = PBXBuildFile; fileRef = 633D34D4235E0B74001CF7FD /* textures */; };
		634674722374BD4D00275DAC /* main.cpp in Sources */ = {isa = PBXBuildFile; fileRef = 634674712374BD4D00275DAC /* main.cpp */; };
		6346747A2374D75300275DAC /* libGLEW.dylib in Frameworks */ = {isa = PBXBuildFile; fileRef = 634674792374D75300275DAC /* libGLEW.dylib */; };
		6346747C2374D88D00275DAC /* OpenGL.framework in Frameworks */ = {isa = PBXBuildFile; fileRef = 6346747B2374D88D00275DAC /* OpenGL.framework */; };
/* End PBXBuildFile section */

/* Begin PBXCopyFilesBuildPhase section */
		6346746A2374BD1A00275DAC /* CopyFiles */ = {
			isa = PBXCopyFilesBuildPhase;
			buildActionMask = 12;
			dstPath = "";
			dstSubfolderSpec = 16;
			files = (
				6346746B2374BD1A00275DAC /* shaders in CopyFiles */,
				6346746C2374BD1A00275DAC /* textures in CopyFiles */,
			);
			runOnlyForDeploymentPostprocessing = 0;
		};
/* End PBXCopyFilesBuildPhase section */

/* Begin PBXFileReference section */
		63101B8B2389DF6000AEC8FD /* util.h */ = {isa = PBXFileReference; lastKnownFileType = sourcecode.c.h; path = util.h; sourceTree = "<group>"; };
		63101B8C2389DF9B00AEC8FD /* util.cpp */ = {isa = PBXFileReference; lastKnownFileType = sourcecode.cpp.cpp; path = util.cpp; sourceTree = "<group>"; };
		633D34BE23557844001CF7FD /* libglfw.3.4.dylib */ = {isa = PBXFileReference; lastKnownFileType = "compiled.mach-o.dylib"; name = libglfw.3.4.dylib; path = "../../../../../../usr/local/Cellar/glfw/HEAD-d252483/lib/libglfw.3.4.dylib"; sourceTree = "<group>"; };
		633D34C0235578BB001CF7FD /* libvulkan.1.1.121.dylib */ = {isa = PBXFileReference; lastKnownFileType = "compiled.mach-o.dylib"; name = libvulkan.1.1.121.dylib; path = ../../../../../../usr/local/lib/libvulkan.1.1.121.dylib; sourceTree = "<group>"; };
		633D34D2235B8492001CF7FD /* shaders */ = {isa = PBXFileReference; lastKnownFileType = folder; path = shaders; sourceTree = "<group>"; };
		633D34D4235E0B74001CF7FD /* textures */ = {isa = PBXFileReference; lastKnownFileType = folder; path = textures; sourceTree = "<group>"; };
		634674702374BD1A00275DAC /* MarchingCubes */ = {isa = PBXFileReference; explicitFileType = "compiled.mach-o.executable"; includeInIndex = 0; path = MarchingCubes; sourceTree = BUILT_PRODUCTS_DIR; };
		634674712374BD4D00275DAC /* main.cpp */ = {isa = PBXFileReference; lastKnownFileType = sourcecode.cpp.cpp; path = main.cpp; sourceTree = "<group>"; };
		634674792374D75300275DAC /* libGLEW.dylib */ = {isa = PBXFileReference; lastKnownFileType = "compiled.mach-o.dylib"; name = libGLEW.dylib; path = ../../../../../../usr/local/lib/libGLEW.dylib; sourceTree = "<group>"; };
		6346747B2374D88D00275DAC /* OpenGL.framework */ = {isa = PBXFileReference; lastKnownFileType = wrapper.framework; name = OpenGL.framework; path = System/Library/Frameworks/OpenGL.framework; sourceTree = SDKROOT; };
/* End PBXFileReference section */

/* Begin PBXFrameworksBuildPhase section */
		634674662374BD1A00275DAC /* Frameworks */ = {
			isa = PBXFrameworksBuildPhase;
			buildActionMask = 2147483647;
			files = (
				6346747C2374D88D00275DAC /* OpenGL.framework in Frameworks */,
				6346747A2374D75300275DAC /* libGLEW.dylib in Frameworks */,
				634674672374BD1A00275DAC /* libglfw.3.4.dylib in Frameworks */,
			);
			runOnlyForDeploymentPostprocessing = 0;
		};
/* End PBXFrameworksBuildPhase section */

/* Begin PBXGroup section */
		633D34AA23557766001CF7FD = {
			isa = PBXGroup;
			children = (
				634674622374BCFF00275DAC /* src */,
				633D34D4235E0B74001CF7FD /* textures */,
				633D34D2235B8492001CF7FD /* shaders */,
				633D34B423557766001CF7FD /* Products */,
				633D34BD23557844001CF7FD /* Frameworks */,
			);
			sourceTree = "<group>";
		};
		633D34B423557766001CF7FD /* Products */ = {
			isa = PBXGroup;
			children = (
				634674702374BD1A00275DAC /* MarchingCubes */,
			);
			name = Products;
			sourceTree = "<group>";
		};
		633D34BD23557844001CF7FD /* Frameworks */ = {
			isa = PBXGroup;
			children = (
				6346747B2374D88D00275DAC /* OpenGL.framework */,
				634674792374D75300275DAC /* libGLEW.dylib */,
				633D34C0235578BB001CF7FD /* libvulkan.1.1.121.dylib */,
				633D34BE23557844001CF7FD /* libglfw.3.4.dylib */,
			);
			name = Frameworks;
			sourceTree = "<group>";
		};
		634674622374BCFF00275DAC /* src */ = {
			isa = PBXGroup;
			children = (
				634674712374BD4D00275DAC /* main.cpp */,
				63101B8B2389DF6000AEC8FD /* util.h */,
				63101B8C2389DF9B00AEC8FD /* util.cpp */,
			);
			path = src;
			sourceTree = "<group>";
		};
/* End PBXGroup section */

/* Begin PBXNativeTarget section */
		634674632374BD1A00275DAC /* MarchingCubes */ = {
			isa = PBXNativeTarget;
			buildConfigurationList = 6346746D2374BD1A00275DAC /* Build configuration list for PBXNativeTarget "MarchingCubes" */;
			buildPhases = (
				634674642374BD1A00275DAC /* Sources */,
				634674662374BD1A00275DAC /* Frameworks */,
				6346746A2374BD1A00275DAC /* CopyFiles */,
			);
			buildRules = (
			);
			dependencies = (
			);
			name = MarchingCubes;
			productName = VulkanTutorial;
			productReference = 634674702374BD1A00275DAC /* MarchingCubes */;
			productType = "com.apple.product-type.tool";
		};
/* End PBXNativeTarget section */

/* Begin PBXProject section */
		633D34AB23557766001CF7FD /* Project object */ = {
			isa = PBXProject;
			attributes = {
				LastUpgradeCheck = 1120;
				ORGANIZATIONNAME = "Shamyl Zakariya";
			};
			buildConfigurationList = 633D34AE23557766001CF7FD /* Build configuration list for PBXProject "MarchingCubes" */;
			compatibilityVersion = "Xcode 9.3";
			developmentRegion = en;
			hasScannedForEncodings = 0;
			knownRegions = (
				en,
				Base,
			);
			mainGroup = 633D34AA23557766001CF7FD;
			productRefGroup = 633D34B423557766001CF7FD /* Products */;
			projectDirPath = "";
			projectRoot = "";
			targets = (
				634674632374BD1A00275DAC /* MarchingCubes */,
			);
		};
/* End PBXProject section */

/* Begin PBXSourcesBuildPhase section */
		634674642374BD1A00275DAC /* Sources */ = {
			isa = PBXSourcesBuildPhase;
			buildActionMask = 2147483647;
			files = (
				634674722374BD4D00275DAC /* main.cpp in Sources */,
				63101B8D2389DF9B00AEC8FD /* util.cpp in Sources */,
			);
			runOnlyForDeploymentPostprocessing = 0;
		};
/* End PBXSourcesBuildPhase section */

/* Begin XCBuildConfiguration section */
		633D34B823557766001CF7FD /* Debug */ = {
			isa = XCBuildConfiguration;
			buildSettings = {
				ALWAYS_SEARCH_USER_PATHS = NO;
				CLANG_ANALYZER_NONNULL = YES;
				CLANG_ANALYZER_NUMBER_OBJECT_CONVERSION = YES_AGGRESSIVE;
				CLANG_CXX_LANGUAGE_STANDARD = "c++17";
				CLANG_CXX_LIBRARY = "libc++";
				CLANG_ENABLE_MODULES = YES;
				CLANG_ENABLE_OBJC_ARC = YES;
				CLANG_ENABLE_OBJC_WEAK = YES;
				CLANG_WARN_BLOCK_CAPTURE_AUTORELEASING = YES;
				CLANG_WARN_BOOL_CONVERSION = YES;
				CLANG_WARN_COMMA = YES;
				CLANG_WARN_CONSTANT_CONVERSION = YES;
				CLANG_WARN_DEPRECATED_OBJC_IMPLEMENTATIONS = YES;
				CLANG_WARN_DIRECT_OBJC_ISA_USAGE = YES_ERROR;
				CLANG_WARN_DOCUMENTATION_COMMENTS = YES;
				CLANG_WARN_EMPTY_BODY = YES;
				CLANG_WARN_ENUM_CONVERSION = YES;
				CLANG_WARN_INFINITE_RECURSION = YES;
				CLANG_WARN_INT_CONVERSION = YES;
				CLANG_WARN_NON_LITERAL_NULL_CONVERSION = YES;
				CLANG_WARN_OBJC_IMPLICIT_RETAIN_SELF = YES;
				CLANG_WARN_OBJC_LITERAL_CONVERSION = YES;
				CLANG_WARN_OBJC_ROOT_CLASS = YES_ERROR;
				CLANG_WARN_RANGE_LOOP_ANALYSIS = YES;
				CLANG_WARN_STRICT_PROTOTYPES = YES;
				CLANG_WARN_SUSPICIOUS_MOVE = YES;
				CLANG_WARN_UNGUARDED_AVAILABILITY = YES_AGGRESSIVE;
				CLANG_WARN_UNREACHABLE_CODE = YES;
				CLANG_WARN__DUPLICATE_METHOD_MATCH = YES;
				COPY_PHASE_STRIP = NO;
				DEBUG_INFORMATION_FORMAT = dwarf;
				ENABLE_STRICT_OBJC_MSGSEND = YES;
				ENABLE_TESTABILITY = YES;
				GCC_C_LANGUAGE_STANDARD = gnu11;
				GCC_DYNAMIC_NO_PIC = NO;
				GCC_NO_COMMON_BLOCKS = YES;
				GCC_OPTIMIZATION_LEVEL = 0;
				GCC_PREPROCESSOR_DEFINITIONS = (
					"DEBUG=1",
					"$(inherited)",
				);
				GCC_WARN_64_TO_32_BIT_CONVERSION = YES;
				GCC_WARN_ABOUT_RETURN_TYPE = YES_ERROR;
				GCC_WARN_UNDECLARED_SELECTOR = YES;
				GCC_WARN_UNINITIALIZED_AUTOS = YES_AGGRESSIVE;
				GCC_WARN_UNUSED_FUNCTION = YES;
				GCC_WARN_UNUSED_VARIABLE = YES;
				HEADER_SEARCH_PATHS = (
					/usr/local/include,
					include/,
				);
				LIBRARY_SEARCH_PATHS = /usr/local/lib;
				MACOSX_DEPLOYMENT_TARGET = 10.14;
				MTL_ENABLE_DEBUG_INFO = INCLUDE_SOURCE;
				MTL_FAST_MATH = YES;
				ONLY_ACTIVE_ARCH = YES;
				SDKROOT = macosx;
				VALID_ARCHS = "i386 x86_64";
			};
			name = Debug;
		};
		633D34B923557766001CF7FD /* Release */ = {
			isa = XCBuildConfiguration;
			buildSettings = {
				ALWAYS_SEARCH_USER_PATHS = NO;
				CLANG_ANALYZER_NONNULL = YES;
				CLANG_ANALYZER_NUMBER_OBJECT_CONVERSION = YES_AGGRESSIVE;
				CLANG_CXX_LANGUAGE_STANDARD = "c++17";
				CLANG_CXX_LIBRARY = "libc++";
				CLANG_ENABLE_MODULES = YES;
				CLANG_ENABLE_OBJC_ARC = YES;
				CLANG_ENABLE_OBJC_WEAK = YES;
				CLANG_WARN_BLOCK_CAPTURE_AUTORELEASING = YES;
				CLANG_WARN_BOOL_CONVERSION = YES;
				CLANG_WARN_COMMA = YES;
				CLANG_WARN_CONSTANT_CONVERSION = YES;
				CLANG_WARN_DEPRECATED_OBJC_IMPLEMENTATIONS = YES;
				CLANG_WARN_DIRECT_OBJC_ISA_USAGE = YES_ERROR;
				CLANG_WARN_DOCUMENTATION_COMMENTS = YES;
				CLANG_WARN_EMPTY_BODY = YES;
				CLANG_WARN_ENUM_CONVERSION = YES;
				CLANG_WARN_INFINITE_RECURSION = YES;
				CLANG_WARN_INT_CONVERSION = YES;
				CLANG_WARN_NON_LITERAL_NULL_CONVERSION = YES;
				CLANG_WARN_OBJC_IMPLICIT_RETAIN_SELF = YES;
				CLANG_WARN_OBJC_LITERAL_CONVERSION = YES;
				CLANG_WARN_OBJC_ROOT_CLASS = YES_ERROR;
				CLANG_WARN_RANGE_LOOP_ANALYSIS = YES;
				CLANG_WARN_STRICT_PROTOTYPES = YES;
				CLANG_WARN_SUSPICIOUS_MOVE = YES;
				CLANG_WARN_UNGUARDED_AVAILABILITY = YES_AGGRESSIVE;
				CLANG_WARN_UNREACHABLE_CODE = YES;
				CLANG_WARN__DUPLICATE_METHOD_MATCH = YES;
				COPY_PHASE_STRIP = NO;
				DEBUG_INFORMATION_FORMAT = "dwarf-with-dsym";
				ENABLE_NS_ASSERTIONS = NO;
				ENABLE_STRICT_OBJC_MSGSEND = YES;
				GCC_C_LANGUAGE_STANDARD = gnu11;
				GCC_NO_COMMON_BLOCKS = YES;
				GCC_WARN_64_TO_32_BIT_CONVERSION = YES;
				GCC_WARN_ABOUT_RETURN_TYPE = YES_ERROR;
				GCC_WARN_UNDECLARED_SELECTOR = YES;
				GCC_WARN_UNINITIALIZED_AUTOS = YES_AGGRESSIVE;
				GCC_WARN_UNUSED_FUNCTION = YES;
				GCC_WARN_UNUSED_VARIABLE = YES;
				HEADER_SEARCH_PATHS = (
					/usr/local/include,
					include/,
				);
				LIBRARY_SEARCH_PATHS = /usr/local/lib;
				MACOSX_DEPLOYMENT_TARGET = 10.14;
				MTL_ENABLE_DEBUG_INFO = NO;
				MTL_FAST_MATH = YES;
				SDKROOT = macosx;
				VALID_ARCHS = "i386 x86_64";
			};
			name = Release;
		};
		6346746E2374BD1A00275DAC /* Debug */ = {
			isa = XCBuildConfiguration;
			buildSettings = {
				CODE_SIGN_IDENTITY = "-";
				CODE_SIGN_STYLE = Automatic;
				DEVELOPMENT_TEAM = "";
				ENABLE_HARDENED_RUNTIME = NO;
				LIBRARY_SEARCH_PATHS = (
					"$(inherited)",
					"/usr/local/Cellar/glfw/HEAD-d252483/lib",
				);
				PRODUCT_NAME = "$(TARGET_NAME)";
			};
			name = Debug;
		};
		6346746F2374BD1A00275DAC /* Release */ = {
			isa = XCBuildConfiguration;
			buildSettings = {
				CODE_SIGN_IDENTITY = "-";
				CODE_SIGN_STYLE = Automatic;
				DEVELOPMENT_TEAM = "";
				ENABLE_HARDENED_RUNTIME = NO;
				LIBRARY_SEARCH_PATHS = (
					"$(inherited)",
					"/usr/local/Cellar/glfw/HEAD-d252483/lib",
				);
				PRODUCT_NAME = "$(TARGET_NAME)";
			};
			name = Release;
		};
/* End XCBuildConfiguration section */

/* Begin XCConfigurationList section */
		633D34AE23557766001CF7FD /* Build configuration list for PBXProject "MarchingCubes" */ = {
			isa = XCConfigurationList;
			buildConfigurations = (
				633D34B823557766001CF7FD /* Debug */,
				633D34B923557766001CF7FD /* Release */,
			);
			defaultConfigurationIsVisible = 0;
			defaultConfigurationName = Release;
		};
		6346746D2374BD1A00275DAC /* Build configuration list for PBXNativeTarget "MarchingCubes" */ = {
			isa = XCConfigurationList;
			buildConfigurations = (
				6346746E2374BD1A00275DAC /* Debug */,
				6346746F2374BD1A00275DAC /* Release */,
			);
			defaultConfigurationIsVisible = 0;
			defaultConfigurationName = Release;
		};
/* End XCConfigurationList section */
	};
	rootObject = 633D34AB23557766001CF7FD /* Project object */;
}
